
Microsoft Visual Studio Solution File, Format Version 12.00
# Visual Studio Version 17
VisualStudioVersion = 17.2.32630.192
MinimumVisualStudioVersion = 10.0.40219.1
Project("{8BC9CEB8-8B4A-11D0-8D11-00A0C91BC942}") = "ConsoleApplication1", "ConsoleApplication1\ConsoleApplication1.vcxproj", "{120AA7C8-0BB9-4321-8D45-307EAF964B85}"
EndProject
Global
	GlobalSection(SolutionConfigurationPlatforms) = preSolution
		Debug|x64 = Debug|x64
		Debug|x86 = Debug|x86
		Release|x64 = Release|x64
		Release|x86 = Release|x86
	EndGlobalSection
	GlobalSection(ProjectConfigurationPlatforms) = postSolution
		{120AA7C8-0BB9-4321-8D45-307EAF964B85}.Debug|x64.ActiveCfg = Debug|x64
		{120AA7C8-0BB9-4321-8D45-307EAF964B85}.Debug|x64.Build.0 = Debug|x64
		{120AA7C8-0BB9-4321-8D45-307EAF964B85}.Debug|x86.ActiveCfg = Debug|Win32
		{120AA7C8-0BB9-4321-8D45-307EAF964B85}.Debug|x86.Build.0 = Debug|Win32
		{120AA7C8-0BB9-4321-8D45-307EAF964B85}.Release|x64.ActiveCfg = Release|x64
		{120AA7C8-0BB9-4321-8D45-307EAF964B85}.Release|x64.Build.0 = Release|x64
		{120AA7C8-0BB9-4321-8D45-307EAF964B85}.Release|x86.ActiveCfg = Release|Win32
		{120AA7C8-0BB9-4321-8D45-307EAF964B85}.Release|x86.Build.0 = Release|Win32
	EndGlobalSection
	GlobalSection(SolutionProperties) = preSolution
		HideSolutionNode = FALSE
	EndGlobalSection
	GlobalSection(ExtensibilityGlobals) = postSolution
		SolutionGuid = {8C7D6DEC-9BD2-4C36-AC10-56413FB94D53}
	EndGlobalSection
EndGlobal
